// !$*UTF8*$!
{
	archiveVersion = 1;
	classes = {
	};
	objectVersion = 50;
	objects = {

/* Begin PBXBuildFile section */
		77AC63C620ECB7AD00B5C214 /* AppDelegate.swift in Sources */ = {isa = PBXBuildFile; fileRef = 77AC63C520ECB7AD00B5C214 /* AppDelegate.swift */; };
		77AC63C820ECB7AD00B5C214 /* ViewController.swift in Sources */ = {isa = PBXBuildFile; fileRef = 77AC63C720ECB7AD00B5C214 /* ViewController.swift */; };
		77AC63CB20ECB7AD00B5C214 /* Main.storyboard in Resources */ = {isa = PBXBuildFile; fileRef = 77AC63C920ECB7AD00B5C214 /* Main.storyboard */; };
		77AC63CD20ECB7C100B5C214 /* Assets.xcassets in Resources */ = {isa = PBXBuildFile; fileRef = 77AC63CC20ECB7C100B5C214 /* Assets.xcassets */; };
		77AC63D020ECB7C100B5C214 /* LaunchScreen.storyboard in Resources */ = {isa = PBXBuildFile; fileRef = 77AC63CE20ECB7C100B5C214 /* LaunchScreen.storyboard */; };
		77AC63DB20ECB7C100B5C214 /* XXCoverViewTests.swift in Sources */ = {isa = PBXBuildFile; fileRef = 77AC63DA20ECB7C100B5C214 /* XXCoverViewTests.swift */; };
		77AC63E620ECB7C100B5C214 /* XXCoverViewUITests.swift in Sources */ = {isa = PBXBuildFile; fileRef = 77AC63E520ECB7C100B5C214 /* XXCoverViewUITests.swift */; };
/* End PBXBuildFile section */

/* Begin PBXContainerItemProxy section */
		77AC63D720ECB7C100B5C214 /* PBXContainerItemProxy */ = {
			isa = PBXContainerItemProxy;
			containerPortal = 77AC63BA20ECB7AD00B5C214 /* Project object */;
			proxyType = 1;
			remoteGlobalIDString = 77AC63C120ECB7AD00B5C214;
			remoteInfo = XXCoverView;
		};
		77AC63E220ECB7C100B5C214 /* PBXContainerItemProxy */ = {
			isa = PBXContainerItemProxy;
			containerPortal = 77AC63BA20ECB7AD00B5C214 /* Project object */;
			proxyType = 1;
			remoteGlobalIDString = 77AC63C120ECB7AD00B5C214;
			remoteInfo = XXCoverView;
		};
/* End PBXContainerItemProxy section */

/* Begin PBXFileReference section */
		77AC63C220ECB7AD00B5C214 /* XXCoverView.app */ = {isa = PBXFileReference; explicitFileType = wrapper.application; includeInIndex = 0; path = XXCoverView.app; sourceTree = BUILT_PRODUCTS_DIR; };
		77AC63C520ECB7AD00B5C214 /* AppDelegate.swift */ = {isa = PBXFileReference; lastKnownFileType = sourcecode.swift; path = AppDelegate.swift; sourceTree = "<group>"; };
		77AC63C720ECB7AD00B5C214 /* ViewController.swift */ = {isa = PBXFileReference; lastKnownFileType = sourcecode.swift; path = ViewController.swift; sourceTree = "<group>"; };
		77AC63CA20ECB7AD00B5C214 /* Base */ = {isa = PBXFileReference; lastKnownFileType = file.storyboard; name = Base; path = Base.lproj/Main.storyboard; sourceTree = "<group>"; };
		77AC63CC20ECB7C100B5C214 /* Assets.xcassets */ = {isa = PBXFileReference; lastKnownFileType = folder.assetcatalog; path = Assets.xcassets; sourceTree = "<group>"; };
		77AC63CF20ECB7C100B5C214 /* Base */ = {isa = PBXFileReference; lastKnownFileType = file.storyboard; name = Base; path = Base.lproj/LaunchScreen.storyboard; sourceTree = "<group>"; };
		77AC63D120ECB7C100B5C214 /* Info.plist */ = {isa = PBXFileReference; lastKnownFileType = text.plist.xml; path = Info.plist; sourceTree = "<group>"; };
		77AC63D620ECB7C100B5C214 /* XXCoverViewTests.xctest */ = {isa = PBXFileReference; explicitFileType = wrapper.cfbundle; includeInIndex = 0; path = XXCoverViewTests.xctest; sourceTree = BUILT_PRODUCTS_DIR; };
		77AC63DA20ECB7C100B5C214 /* XXCoverViewTests.swift */ = {isa = PBXFileReference; lastKnownFileType = sourcecode.swift; path = XXCoverViewTests.swift; sourceTree = "<group>"; };
		77AC63DC20ECB7C100B5C214 /* Info.plist */ = {isa = PBXFileReference; lastKnownFileType = text.plist.xml; path = Info.plist; sourceTree = "<group>"; };
		77AC63E120ECB7C100B5C214 /* XXCoverViewUITests.xctest */ = {isa = PBXFileReference; explicitFileType = wrapper.cfbundle; includeInIndex = 0; path = XXCoverViewUITests.xctest; sourceTree = BUILT_PRODUCTS_DIR; };
		77AC63E520ECB7C100B5C214 /* XXCoverViewUITests.swift */ = {isa = PBXFileReference; lastKnownFileType = sourcecode.swift; path = XXCoverViewUITests.swift; sourceTree = "<group>"; };
		77AC63E720ECB7C100B5C214 /* Info.plist */ = {isa = PBXFileReference; lastKnownFileType = text.plist.xml; path = Info.plist; sourceTree = "<group>"; };
/* End PBXFileReference section */

/* Begin PBXFrameworksBuildPhase section */
		77AC63BF20ECB7AD00B5C214 /* Frameworks */ = {
			isa = PBXFrameworksBuildPhase;
			buildActionMask = 2147483647;
			files = (
			);
			runOnlyForDeploymentPostprocessing = 0;
		};
		77AC63D320ECB7C100B5C214 /* Frameworks */ = {
			isa = PBXFrameworksBuildPhase;
			buildActionMask = 2147483647;
			files = (
			);
			runOnlyForDeploymentPostprocessing = 0;
		};
		77AC63DE20ECB7C100B5C214 /* Frameworks */ = {
			isa = PBXFrameworksBuildPhase;
			buildActionMask = 2147483647;
			files = (
			);
			runOnlyForDeploymentPostprocessing = 0;
		};
/* End PBXFrameworksBuildPhase section */

/* Begin PBXGroup section */
		77AC63B920ECB7AD00B5C214 = {
			isa = PBXGroup;
			children = (
				77AC63C420ECB7AD00B5C214 /* XXCoverView */,
				77AC63D920ECB7C100B5C214 /* XXCoverViewTests */,
				77AC63E420ECB7C100B5C214 /* XXCoverViewUITests */,
				77AC63C320ECB7AD00B5C214 /* Products */,
			);
			sourceTree = "<group>";
		};
		77AC63C320ECB7AD00B5C214 /* Products */ = {
			isa = PBXGroup;
			children = (
				77AC63C220ECB7AD00B5C214 /* XXCoverView.app */,
				77AC63D620ECB7C100B5C214 /* XXCoverViewTests.xctest */,
				77AC63E120ECB7C100B5C214 /* XXCoverViewUITests.xctest */,
			);
			name = Products;
			sourceTree = "<group>";
		};
		77AC63C420ECB7AD00B5C214 /* XXCoverView */ = {
			isa = PBXGroup;
			children = (
				77AC63C520ECB7AD00B5C214 /* AppDelegate.swift */,
				77AC63C720ECB7AD00B5C214 /* ViewController.swift */,
				77AC63C920ECB7AD00B5C214 /* Main.storyboard */,
				77AC63CC20ECB7C100B5C214 /* Assets.xcassets */,
				77AC63CE20ECB7C100B5C214 /* LaunchScreen.storyboard */,
				77AC63D120ECB7C100B5C214 /* Info.plist */,
			);
			path = XXCoverView;
			sourceTree = "<group>";
		};
		77AC63D920ECB7C100B5C214 /* XXCoverViewTests */ = {
			isa = PBXGroup;
			children = (
				77AC63DA20ECB7C100B5C214 /* XXCoverViewTests.swift */,
				77AC63DC20ECB7C100B5C214 /* Info.plist */,
			);
			path = XXCoverViewTests;
			sourceTree = "<group>";
		};
		77AC63E420ECB7C100B5C214 /* XXCoverViewUITests */ = {
			isa = PBXGroup;
			children = (
				77AC63E520ECB7C100B5C214 /* XXCoverViewUITests.swift */,
				77AC63E720ECB7C100B5C214 /* Info.plist */,
			);
			path = XXCoverViewUITests;
			sourceTree = "<group>";
		};
/* End PBXGroup section */

/* Begin PBXNativeTarget section */
		77AC63C120ECB7AD00B5C214 /* XXCoverView */ = {
			isa = PBXNativeTarget;
			buildConfigurationList = 77AC63EA20ECB7C100B5C214 /* Build configuration list for PBXNativeTarget "XXCoverView" */;
			buildPhases = (
				77AC63BE20ECB7AD00B5C214 /* Sources */,
				77AC63BF20ECB7AD00B5C214 /* Frameworks */,
				77AC63C020ECB7AD00B5C214 /* Resources */,
			);
			buildRules = (
			);
			dependencies = (
			);
			name = XXCoverView;
			productName = XXCoverView;
			productReference = 77AC63C220ECB7AD00B5C214 /* XXCoverView.app */;
			productType = "com.apple.product-type.application";
		};
		77AC63D520ECB7C100B5C214 /* XXCoverViewTests */ = {
			isa = PBXNativeTarget;
			buildConfigurationList = 77AC63ED20ECB7C100B5C214 /* Build configuration list for PBXNativeTarget "XXCoverViewTests" */;
			buildPhases = (
				77AC63D220ECB7C100B5C214 /* Sources */,
				77AC63D320ECB7C100B5C214 /* Frameworks */,
				77AC63D420ECB7C100B5C214 /* Resources */,
			);
			buildRules = (
			);
			dependencies = (
				77AC63D820ECB7C100B5C214 /* PBXTargetDependency */,
			);
			name = XXCoverViewTests;
			productName = XXCoverViewTests;
			productReference = 77AC63D620ECB7C100B5C214 /* XXCoverViewTests.xctest */;
			productType = "com.apple.product-type.bundle.unit-test";
		};
		77AC63E020ECB7C100B5C214 /* XXCoverViewUITests */ = {
			isa = PBXNativeTarget;
			buildConfigurationList = 77AC63F020ECB7C100B5C214 /* Build configuration list for PBXNativeTarget "XXCoverViewUITests" */;
			buildPhases = (
				77AC63DD20ECB7C100B5C214 /* Sources */,
				77AC63DE20ECB7C100B5C214 /* Frameworks */,
				77AC63DF20ECB7C100B5C214 /* Resources */,
			);
			buildRules = (
			);
			dependencies = (
				77AC63E320ECB7C100B5C214 /* PBXTargetDependency */,
			);
			name = XXCoverViewUITests;
			productName = XXCoverViewUITests;
			productReference = 77AC63E120ECB7C100B5C214 /* XXCoverViewUITests.xctest */;
			productType = "com.apple.product-type.bundle.ui-testing";
		};
/* End PBXNativeTarget section */

/* Begin PBXProject section */
		77AC63BA20ECB7AD00B5C214 /* Project object */ = {
			isa = PBXProject;
			attributes = {
				CLASSPREFIX = XX;
				LastSwiftUpdateCheck = 0930;
				LastUpgradeCheck = 0930;
				ORGANIZATIONNAME = "人人";
				TargetAttributes = {
					77AC63C120ECB7AD00B5C214 = {
						CreatedOnToolsVersion = 9.3;
					};
					77AC63D520ECB7C100B5C214 = {
						CreatedOnToolsVersion = 9.3;
						TestTargetID = 77AC63C120ECB7AD00B5C214;
					};
					77AC63E020ECB7C100B5C214 = {
						CreatedOnToolsVersion = 9.3;
						TestTargetID = 77AC63C120ECB7AD00B5C214;
					};
				};
			};
			buildConfigurationList = 77AC63BD20ECB7AD00B5C214 /* Build configuration list for PBXProject "XXCoverView" */;
			compatibilityVersion = "Xcode 9.3";
			developmentRegion = en;
			hasScannedForEncodings = 0;
			knownRegions = (
				en,
				Base,
			);
			mainGroup = 77AC63B920ECB7AD00B5C214;
			productRefGroup = 77AC63C320ECB7AD00B5C214 /* Products */;
			projectDirPath = "";
			projectRoot = "";
			targets = (
				77AC63C120ECB7AD00B5C214 /* XXCoverView */,
				77AC63D520ECB7C100B5C214 /* XXCoverViewTests */,
				77AC63E020ECB7C100B5C214 /* XXCoverViewUITests */,
			);
		};
/* End PBXProject section */

/* Begin PBXResourcesBuildPhase section */
		77AC63C020ECB7AD00B5C214 /* Resources */ = {
			isa = PBXResourcesBuildPhase;
			buildActionMask = 2147483647;
			files = (
				77AC63D020ECB7C100B5C214 /* LaunchScreen.storyboard in Resources */,
				77AC63CD20ECB7C100B5C214 /* Assets.xcassets in Resources */,
				77AC63CB20ECB7AD00B5C214 /* Main.storyboard in Resources */,
			);
			runOnlyForDeploymentPostprocessing = 0;
		};
		77AC63D420ECB7C100B5C214 /* Resources */ = {
			isa = PBXResourcesBuildPhase;
			buildActionMask = 2147483647;
			files = (
			);
			runOnlyForDeploymentPostprocessing = 0;
		};
		77AC63DF20ECB7C100B5C214 /* Resources */ = {
			isa = PBXResourcesBuildPhase;
			buildActionMask = 2147483647;
			files = (
			);
			runOnlyForDeploymentPostprocessing = 0;
		};
/* End PBXResourcesBuildPhase section */

/* Begin PBXSourcesBuildPhase section */
		77AC63BE20ECB7AD00B5C214 /* Sources */ = {
			isa = PBXSourcesBuildPhase;
			buildActionMask = 2147483647;
			files = (
				77AC63C820ECB7AD00B5C214 /* ViewController.swift in Sources */,
				77AC63C620ECB7AD00B5C214 /* AppDelegate.swift in Sources */,
			);
			runOnlyForDeploymentPostprocessing = 0;
		};
		77AC63D220ECB7C100B5C214 /* Sources */ = {
			isa = PBXSourcesBuildPhase;
			buildActionMask = 2147483647;
			files = (
				77AC63DB20ECB7C100B5C214 /* XXCoverViewTests.swift in Sources */,
			);
			runOnlyForDeploymentPostprocessing = 0;
		};
		77AC63DD20ECB7C100B5C214 /* Sources */ = {
			isa = PBXSourcesBuildPhase;
			buildActionMask = 2147483647;
			files = (
				77AC63E620ECB7C100B5C214 /* XXCoverViewUITests.swift in Sources */,
			);
			runOnlyForDeploymentPostprocessing = 0;
		};
/* End PBXSourcesBuildPhase section */

/* Begin PBXTargetDependency section */
		77AC63D820ECB7C100B5C214 /* PBXTargetDependency */ = {
			isa = PBXTargetDependency;
			target = 77AC63C120ECB7AD00B5C214 /* XXCoverView */;
			targetProxy = 77AC63D720ECB7C100B5C214 /* PBXContainerItemProxy */;
		};
		77AC63E320ECB7C100B5C214 /* PBXTargetDependency */ = {
			isa = PBXTargetDependency;
			target = 77AC63C120ECB7AD00B5C214 /* XXCoverView */;
			targetProxy = 77AC63E220ECB7C100B5C214 /* PBXContainerItemProxy */;
		};
/* End PBXTargetDependency section */

/* Begin PBXVariantGroup section */
		77AC63C920ECB7AD00B5C214 /* Main.storyboard */ = {
			isa = PBXVariantGroup;
			children = (
				77AC63CA20ECB7AD00B5C214 /* Base */,
			);
			name = Main.storyboard;
			sourceTree = "<group>";
		};
		77AC63CE20ECB7C100B5C214 /* LaunchScreen.storyboard */ = {
			isa = PBXVariantGroup;
			children = (
				77AC63CF20ECB7C100B5C214 /* Base */,
			);
			name = LaunchScreen.storyboard;
			sourceTree = "<group>";
		};
/* End PBXVariantGroup section */

/* Begin XCBuildConfiguration section */
		77AC63E820ECB7C100B5C214 /* Debug */ = {
			isa = XCBuildConfiguration;
			buildSettings = {
				ALWAYS_SEARCH_USER_PATHS = NO;
				CLANG_ANALYZER_NONNULL = YES;
				CLANG_ANALYZER_NUMBER_OBJECT_CONVERSION = YES_AGGRESSIVE;
				CLANG_CXX_LANGUAGE_STANDARD = "gnu++14";
				CLANG_CXX_LIBRARY = "libc++";
				CLANG_ENABLE_MODULES = YES;
				CLANG_ENABLE_OBJC_ARC = YES;
				CLANG_ENABLE_OBJC_WEAK = YES;
				CLANG_WARN_BLOCK_CAPTURE_AUTORELEASING = YES;
				CLANG_WARN_BOOL_CONVERSION = YES;
				CLANG_WARN_COMMA = YES;
				CLANG_WARN_CONSTANT_CONVERSION = YES;
				CLANG_WARN_DEPRECATED_OBJC_IMPLEMENTATIONS = YES;
				CLANG_WARN_DIRECT_OBJC_ISA_USAGE = YES_ERROR;
				CLANG_WARN_DOCUMENTATION_COMMENTS = YES;
				CLANG_WARN_EMPTY_BODY = YES;
				CLANG_WARN_ENUM_CONVERSION = YES;
				CLANG_WARN_INFINITE_RECURSION = YES;
				CLANG_WARN_INT_CONVERSION = YES;
				CLANG_WARN_NON_LITERAL_NULL_CONVERSION = YES;
				CLANG_WARN_OBJC_IMPLICIT_RETAIN_SELF = YES;
				CLANG_WARN_OBJC_LITERAL_CONVERSION = YES;
				CLANG_WARN_OBJC_ROOT_CLASS = YES_ERROR;
				CLANG_WARN_RANGE_LOOP_ANALYSIS = YES;
				CLANG_WARN_STRICT_PROTOTYPES = YES;
				CLANG_WARN_SUSPICIOUS_MOVE = YES;
				CLANG_WARN_UNGUARDED_AVAILABILITY = YES_AGGRESSIVE;
				CLANG_WARN_UNREACHABLE_CODE = YES;
				CLANG_WARN__DUPLICATE_METHOD_MATCH = YES;
				CODE_SIGN_IDENTITY = "iPhone Developer";
				COPY_PHASE_STRIP = NO;
				DEBUG_INFORMATION_FORMAT = dwarf;
				ENABLE_STRICT_OBJC_MSGSEND = YES;
				ENABLE_TESTABILITY = YES;
				GCC_C_LANGUAGE_STANDARD = gnu11;
				GCC_DYNAMIC_NO_PIC = NO;
				GCC_NO_COMMON_BLOCKS = YES;
				GCC_OPTIMIZATION_LEVEL = 0;
				GCC_PREPROCESSOR_DEFINITIONS = (
					"DEBUG=1",
					"$(inherited)",
				);
				GCC_WARN_64_TO_32_BIT_CONVERSION = YES;
				GCC_WARN_ABOUT_RETURN_TYPE = YES_ERROR;
				GCC_WARN_UNDECLARED_SELECTOR = YES;
				GCC_WARN_UNINITIALIZED_AUTOS = YES_AGGRESSIVE;
				GCC_WARN_UNUSED_FUNCTION = YES;
				GCC_WARN_UNUSED_VARIABLE = YES;
				IPHONEOS_DEPLOYMENT_TARGET = 11.3;
				MTL_ENABLE_DEBUG_INFO = YES;
				ONLY_ACTIVE_ARCH = YES;
				SDKROOT = iphoneos;
				SWIFT_ACTIVE_COMPILATION_CONDITIONS = DEBUG;
				SWIFT_OPTIMIZATION_LEVEL = "-Onone";
			};
			name = Debug;
		};
		77AC63E920ECB7C100B5C214 /* Release */ = {
			isa = XCBuildConfiguration;
			buildSettings = {
				ALWAYS_SEARCH_USER_PATHS = NO;
				CLANG_ANALYZER_NONNULL = YES;
				CLANG_ANALYZER_NUMBER_OBJECT_CONVERSION = YES_AGGRESSIVE;
				CLANG_CXX_LANGUAGE_STANDARD = "gnu++14";
				CLANG_CXX_LIBRARY = "libc++";
				CLANG_ENABLE_MODULES = YES;
				CLANG_ENABLE_OBJC_ARC = YES;
				CLANG_ENABLE_OBJC_WEAK = YES;
				CLANG_WARN_BLOCK_CAPTURE_AUTORELEASING = YES;
				CLANG_WARN_BOOL_CONVERSION = YES;
				CLANG_WARN_COMMA = YES;
				CLANG_WARN_CONSTANT_CONVERSION = YES;
				CLANG_WARN_DEPRECATED_OBJC_IMPLEMENTATIONS = YES;
				CLANG_WARN_DIRECT_OBJC_ISA_USAGE = YES_ERROR;
				CLANG_WARN_DOCUMENTATION_COMMENTS = YES;
				CLANG_WARN_EMPTY_BODY = YES;
				CLANG_WARN_ENUM_CONVERSION = YES;
				CLANG_WARN_INFINITE_RECURSION = YES;
				CLANG_WARN_INT_CONVERSION = YES;
				CLANG_WARN_NON_LITERAL_NULL_CONVERSION = YES;
				CLANG_WARN_OBJC_IMPLICIT_RETAIN_SELF = YES;
				CLANG_WARN_OBJC_LITERAL_CONVERSION = YES;
				CLANG_WARN_OBJC_ROOT_CLASS = YES_ERROR;
				CLANG_WARN_RANGE_LOOP_ANALYSIS = YES;
				CLANG_WARN_STRICT_PROTOTYPES = YES;
				CLANG_WARN_SUSPICIOUS_MOVE = YES;
				CLANG_WARN_UNGUARDED_AVAILABILITY = YES_AGGRESSIVE;
				CLANG_WARN_UNREACHABLE_CODE = YES;
				CLANG_WARN__DUPLICATE_METHOD_MATCH = YES;
				CODE_SIGN_IDENTITY = "iPhone Developer";
				COPY_PHASE_STRIP = NO;
				DEBUG_INFORMATION_FORMAT = "dwarf-with-dsym";
				ENABLE_NS_ASSERTIONS = NO;
				ENABLE_STRICT_OBJC_MSGSEND = YES;
				GCC_C_LANGUAGE_STANDARD = gnu11;
				GCC_NO_COMMON_BLOCKS = YES;
				GCC_WARN_64_TO_32_BIT_CONVERSION = YES;
				GCC_WARN_ABOUT_RETURN_TYPE = YES_ERROR;
				GCC_WARN_UNDECLARED_SELECTOR = YES;
				GCC_WARN_UNINITIALIZED_AUTOS = YES_AGGRESSIVE;
				GCC_WARN_UNUSED_FUNCTION = YES;
				GCC_WARN_UNUSED_VARIABLE = YES;
				IPHONEOS_DEPLOYMENT_TARGET = 11.3;
				MTL_ENABLE_DEBUG_INFO = NO;
				SDKROOT = iphoneos;
				SWIFT_COMPILATION_MODE = wholemodule;
				SWIFT_OPTIMIZATION_LEVEL = "-O";
				VALIDATE_PRODUCT = YES;
			};
			name = Release;
		};
		77AC63EB20ECB7C100B5C214 /* Debug */ = {
			isa = XCBuildConfiguration;
			buildSettings = {
				ASSETCATALOG_COMPILER_APPICON_NAME = AppIcon;
				CODE_SIGN_STYLE = Automatic;
				DEVELOPMENT_TEAM = MHDH5B76KE;
				INFOPLIST_FILE = XXCoverView/Info.plist;
				LD_RUNPATH_SEARCH_PATHS = (
					"$(inherited)",
					"@executable_path/Frameworks",
				);
				PRODUCT_BUNDLE_IDENTIFIER = renren.XXCoverView;
				PRODUCT_NAME = "$(TARGET_NAME)";
				SWIFT_VERSION = 4.0;
				TARGETED_DEVICE_FAMILY = "1,2";
			};
			name = Debug;
		};
		77AC63EC20ECB7C100B5C214 /* Release */ = {
			isa = XCBuildConfiguration;
			buildSettings = {
				ASSETCATALOG_COMPILER_APPICON_NAME = AppIcon;
				CODE_SIGN_STYLE = Automatic;
				DEVELOPMENT_TEAM = MHDH5B76KE;
				INFOPLIST_FILE = XXCoverView/Info.plist;
				LD_RUNPATH_SEARCH_PATHS = (
					"$(inherited)",
					"@executable_path/Frameworks",
				);
				PRODUCT_BUNDLE_IDENTIFIER = renren.XXCoverView;
				PRODUCT_NAME = "$(TARGET_NAME)";
				SWIFT_VERSION = 4.0;
				TARGETED_DEVICE_FAMILY = "1,2";
			};
			name = Release;
		};
		77AC63EE20ECB7C100B5C214 /* Debug */ = {
			isa = XCBuildConfiguration;
			buildSettings = {
				ALWAYS_EMBED_SWIFT_STANDARD_LIBRARIES = YES;
				BUNDLE_LOADER = "$(TEST_HOST)";
				CODE_SIGN_STYLE = Automatic;
				INFOPLIST_FILE = XXCoverViewTests/Info.plist;
				LD_RUNPATH_SEARCH_PATHS = (
					"$(inherited)",
					"@executable_path/Frameworks",
					"@loader_path/Frameworks",
				);
				PRODUCT_BUNDLE_IDENTIFIER = renren.XXCoverViewTests;
				PRODUCT_NAME = "$(TARGET_NAME)";
				SWIFT_VERSION = 4.0;
				TARGETED_DEVICE_FAMILY = "1,2";
				TEST_HOST = "$(BUILT_PRODUCTS_DIR)/XXCoverView.app/XXCoverView";
			};
			name = Debug;
		};
		77AC63EF20ECB7C100B5C214 /* Release */ = {
			isa = XCBuildConfiguration;
			buildSettings = {
				ALWAYS_EMBED_SWIFT_STANDARD_LIBRARIES = YES;
				BUNDLE_LOADER = "$(TEST_HOST)";
				CODE_SIGN_STYLE = Automatic;
				INFOPLIST_FILE = XXCoverViewTests/Info.plist;
				LD_RUNPATH_SEARCH_PATHS = (
					"$(inherited)",
					"@executable_path/Frameworks",
					"@loader_path/Frameworks",
				);
				PRODUCT_BUNDLE_IDENTIFIER = renren.XXCoverViewTests;
				PRODUCT_NAME = "$(TARGET_NAME)";
				SWIFT_VERSION = 4.0;
				TARGETED_DEVICE_FAMILY = "1,2";
				TEST_HOST = "$(BUILT_PRODUCTS_DIR)/XXCoverView.app/XXCoverView";
			};
			name = Release;
		};
		77AC63F120ECB7C100B5C214 /* Debug */ = {
			isa = XCBuildConfiguration;
			buildSettings = {
				ALWAYS_EMBED_SWIFT_STANDARD_LIBRARIES = YES;
				CODE_SIGN_STYLE = Automatic;
				INFOPLIST_FILE = XXCoverViewUITests/Info.plist;
				LD_RUNPATH_SEARCH_PATHS = (
					"$(inherited)",
					"@executable_path/Frameworks",
					"@loader_path/Frameworks",
				);
				PRODUCT_BUNDLE_IDENTIFIER = renren.XXCoverViewUITests;
				PRODUCT_NAME = "$(TARGET_NAME)";
				SWIFT_VERSION = 4.0;
				TARGETED_DEVICE_FAMILY = "1,2";
				TEST_TARGET_NAME = XXCoverView;
			};
			name = Debug;
		};
		77AC63F220ECB7C100B5C214 /* Release */ = {
			isa = XCBuildConfiguration;
			buildSettings = {
				ALWAYS_EMBED_SWIFT_STANDARD_LIBRARIES = YES;
				CODE_SIGN_STYLE = Automatic;
				INFOPLIST_FILE = XXCoverViewUITests/Info.plist;
				LD_RUNPATH_SEARCH_PATHS = (
					"$(inherited)",
					"@executable_path/Frameworks",
					"@loader_path/Frameworks",
				);
				PRODUCT_BUNDLE_IDENTIFIER = renren.XXCoverViewUITests;
				PRODUCT_NAME = "$(TARGET_NAME)";
				SWIFT_VERSION = 4.0;
				TARGETED_DEVICE_FAMILY = "1,2";
				TEST_TARGET_NAME = XXCoverView;
			};
			name = Release;
		};
/* End XCBuildConfiguration section */

/* Begin XCConfigurationList section */
		77AC63BD20ECB7AD00B5C214 /* Build configuration list for PBXProject "XXCoverView" */ = {
			isa = XCConfigurationList;
			buildConfigurations = (
				77AC63E820ECB7C100B5C214 /* Debug */,
				77AC63E920ECB7C100B5C214 /* Release */,
			);
			defaultConfigurationIsVisible = 0;
			defaultConfigurationName = Release;
		};
		77AC63EA20ECB7C100B5C214 /* Build configuration list for PBXNativeTarget "XXCoverView" */ = {
			isa = XCConfigurationList;
			buildConfigurations = (
				77AC63EB20ECB7C100B5C214 /* Debug */,
				77AC63EC20ECB7C100B5C214 /* Release */,
			);
			defaultConfigurationIsVisible = 0;
			defaultConfigurationName = Release;
		};
		77AC63ED20ECB7C100B5C214 /* Build configuration list for PBXNativeTarget "XXCoverViewTests" */ = {
			isa = XCConfigurationList;
			buildConfigurations = (
				77AC63EE20ECB7C100B5C214 /* Debug */,
				77AC63EF20ECB7C100B5C214 /* Release */,
			);
			defaultConfigurationIsVisible = 0;
			defaultConfigurationName = Release;
		};
		77AC63F020ECB7C100B5C214 /* Build configuration list for PBXNativeTarget "XXCoverViewUITests" */ = {
			isa = XCConfigurationList;
			buildConfigurations = (
				77AC63F120ECB7C100B5C214 /* Debug */,
				77AC63F220ECB7C100B5C214 /* Release */,
			);
			defaultConfigurationIsVisible = 0;
			defaultConfigurationName = Release;
		};
/* End XCConfigurationList section */
	};
	rootObject = 77AC63BA20ECB7AD00B5C214 /* Project object */;
}
